
Microsoft Visual Studio Solution File, Format Version 12.00
# Visual Studio Version 17
VisualStudioVersion = 17.5.33530.505
MinimumVisualStudioVersion = 10.0.40219.1
Project("{FAE04EC0-301F-11D3-BF4B-00C04F79EFBC}") = "proj.pro", "proj.pro\proj.pro.csproj", "{CE3C3FDA-3E8E-4EE7-B4D9-2D9D3F76576D}"
EndProject
Global
	GlobalSection(SolutionConfigurationPlatforms) = preSolution
		Debug|Any CPU = Debug|Any CPU
		Release|Any CPU = Release|Any CPU
	EndGlobalSection
	GlobalSection(ProjectConfigurationPlatforms) = postSolution
		{CE3C3FDA-3E8E-4EE7-B4D9-2D9D3F76576D}.Debug|Any CPU.ActiveCfg = Debug|Any CPU
		{CE3C3FDA-3E8E-4EE7-B4D9-2D9D3F76576D}.Debug|Any CPU.Build.0 = Debug|Any CPU
		{CE3C3FDA-3E8E-4EE7-B4D9-2D9D3F76576D}.Release|Any CPU.ActiveCfg = Release|Any CPU
		{CE3C3FDA-3E8E-4EE7-B4D9-2D9D3F76576D}.Release|Any CPU.Build.0 = Release|Any CPU
	EndGlobalSection
	GlobalSection(SolutionProperties) = preSolution
		HideSolutionNode = FALSE
	EndGlobalSection
	GlobalSection(ExtensibilityGlobals) = postSolution
		SolutionGuid = {B11A9009-CFD0-420D-B42B-634C5D203964}
	EndGlobalSection
EndGlobal
